
Microsoft Visual Studio Solution File, Format Version 12.00
# Visual Studio Version 17
VisualStudioVersion = 17.4.33205.214
MinimumVisualStudioVersion = 10.0.40219.1
Project("{FAE04EC0-301F-11D3-BF4B-00C04F79EFBC}") = "WorkApp", "WorkApp\WorkApp.csproj", "{BC88B303-97E5-4B06-B281-E6E678D8881E}"
EndProject
Global
	GlobalSection(SolutionConfigurationPlatforms) = preSolution
		Debug|Any CPU = Debug|Any CPU
		Release|Any CPU = Release|Any CPU
	EndGlobalSection
	GlobalSection(ProjectConfigurationPlatforms) = postSolution
		{BC88B303-97E5-4B06-B281-E6E678D8881E}.Debug|Any CPU.ActiveCfg = Debug|Any CPU
		{BC88B303-97E5-4B06-B281-E6E678D8881E}.Debug|Any CPU.Build.0 = Debug|Any CPU
		{BC88B303-97E5-4B06-B281-E6E678D8881E}.Release|Any CPU.ActiveCfg = Release|Any CPU
		{BC88B303-97E5-4B06-B281-E6E678D8881E}.Release|Any CPU.Build.0 = Release|Any CPU
	EndGlobalSection
	GlobalSection(SolutionProperties) = preSolution
		HideSolutionNode = FALSE
	EndGlobalSection
	GlobalSection(ExtensibilityGlobals) = postSolution
		SolutionGuid = {41B9C933-213F-4650-B717-0D0F719DB8E9}
	EndGlobalSection
EndGlobal
